
Microsoft Visual Studio Solution File, Format Version 12.00
# Visual Studio Version 16
VisualStudioVersion = 16.0.29324.140
MinimumVisualStudioVersion = 10.0.40219.1
Project("{FAE04EC0-301F-11D3-BF4B-00C04F79EFBC}") = "server", "server\server.csproj", "{17222B97-98B4-44ED-A5F2-1F91FF26EE83}"
EndProject
<<<<<<< HEAD
Project("{FAE04EC0-301F-11D3-BF4B-00C04F79EFBC}") = "Test", "Test\Test.csproj", "{D10008E8-AD3B-4AB1-898C-F794B2C2ECD7}"
=======
Project("{FAE04EC0-301F-11D3-BF4B-00C04F79EFBC}") = "ServerTests", "ServerTests\ServerTests.csproj", "{A1C3595E-251A-4E09-AB03-B84DFD937BE2}"
>>>>>>> 84117d8030925a11b89849d694e062bd59ff4fd2
EndProject
Global
	GlobalSection(SolutionConfigurationPlatforms) = preSolution
		Debug|Any CPU = Debug|Any CPU
		Release|Any CPU = Release|Any CPU
	EndGlobalSection
	GlobalSection(ProjectConfigurationPlatforms) = postSolution
		{17222B97-98B4-44ED-A5F2-1F91FF26EE83}.Debug|Any CPU.ActiveCfg = Debug|Any CPU
		{17222B97-98B4-44ED-A5F2-1F91FF26EE83}.Debug|Any CPU.Build.0 = Debug|Any CPU
		{17222B97-98B4-44ED-A5F2-1F91FF26EE83}.Release|Any CPU.ActiveCfg = Release|Any CPU
		{17222B97-98B4-44ED-A5F2-1F91FF26EE83}.Release|Any CPU.Build.0 = Release|Any CPU
<<<<<<< HEAD
		{D10008E8-AD3B-4AB1-898C-F794B2C2ECD7}.Debug|Any CPU.ActiveCfg = Debug|Any CPU
		{D10008E8-AD3B-4AB1-898C-F794B2C2ECD7}.Debug|Any CPU.Build.0 = Debug|Any CPU
		{D10008E8-AD3B-4AB1-898C-F794B2C2ECD7}.Release|Any CPU.ActiveCfg = Release|Any CPU
		{D10008E8-AD3B-4AB1-898C-F794B2C2ECD7}.Release|Any CPU.Build.0 = Release|Any CPU
=======
		{A1C3595E-251A-4E09-AB03-B84DFD937BE2}.Debug|Any CPU.ActiveCfg = Debug|Any CPU
		{A1C3595E-251A-4E09-AB03-B84DFD937BE2}.Debug|Any CPU.Build.0 = Debug|Any CPU
		{A1C3595E-251A-4E09-AB03-B84DFD937BE2}.Release|Any CPU.ActiveCfg = Release|Any CPU
		{A1C3595E-251A-4E09-AB03-B84DFD937BE2}.Release|Any CPU.Build.0 = Release|Any CPU
>>>>>>> 84117d8030925a11b89849d694e062bd59ff4fd2
	EndGlobalSection
	GlobalSection(SolutionProperties) = preSolution
		HideSolutionNode = FALSE
	EndGlobalSection
	GlobalSection(ExtensibilityGlobals) = postSolution
		SolutionGuid = {48558B12-5CF6-40EE-9729-072C1BD5FFD4}
	EndGlobalSection
EndGlobal
