
Microsoft Visual Studio Solution File, Format Version 12.00
# Visual Studio Version 16
VisualStudioVersion = 16.0.29324.140
MinimumVisualStudioVersion = 10.0.40219.1
Project("{FAE04EC0-301F-11D3-BF4B-00C04F79EFBC}") = "server", "server\server.csproj", "{17222B97-98B4-44ED-A5F2-1F91FF26EE83}"
EndProject
Global
	GlobalSection(SolutionConfigurationPlatforms) = preSolution
		Debug|Any CPU = Debug|Any CPU
		Release|Any CPU = Release|Any CPU
	EndGlobalSection
	GlobalSection(ProjectConfigurationPlatforms) = postSolution
		{17222B97-98B4-44ED-A5F2-1F91FF26EE83}.Debug|Any CPU.ActiveCfg = Debug|Any CPU
		{17222B97-98B4-44ED-A5F2-1F91FF26EE83}.Debug|Any CPU.Build.0 = Debug|Any CPU
		{17222B97-98B4-44ED-A5F2-1F91FF26EE83}.Release|Any CPU.ActiveCfg = Release|Any CPU
		{17222B97-98B4-44ED-A5F2-1F91FF26EE83}.Release|Any CPU.Build.0 = Release|Any CPU
	EndGlobalSection
	GlobalSection(SolutionProperties) = preSolution
		HideSolutionNode = FALSE
	EndGlobalSection
	GlobalSection(ExtensibilityGlobals) = postSolution
		SolutionGuid = {48558B12-5CF6-40EE-9729-072C1BD5FFD4}
	EndGlobalSection
EndGlobal
